
Microsoft Visual Studio Solution File, Format Version 12.00
# Visual Studio 15
VisualStudioVersion = 15.0.28307.645
MinimumVisualStudioVersion = 10.0.40219.1
Project("{FAE04EC0-301F-11D3-BF4B-00C04F79EFBC}") = "EntityFrameworkCoreMovie", "EntityFrameworkCoreMovie\EntityFrameworkCoreMovie.csproj", "{E74543C4-DA0D-445D-B376-DBF6B2785FEF}"
EndProject
Global
	GlobalSection(SolutionConfigurationPlatforms) = preSolution
		Debug|Any CPU = Debug|Any CPU
		Release|Any CPU = Release|Any CPU
	EndGlobalSection
	GlobalSection(ProjectConfigurationPlatforms) = postSolution
		{E74543C4-DA0D-445D-B376-DBF6B2785FEF}.Debug|Any CPU.ActiveCfg = Debug|Any CPU
		{E74543C4-DA0D-445D-B376-DBF6B2785FEF}.Debug|Any CPU.Build.0 = Debug|Any CPU
		{E74543C4-DA0D-445D-B376-DBF6B2785FEF}.Release|Any CPU.ActiveCfg = Release|Any CPU
		{E74543C4-DA0D-445D-B376-DBF6B2785FEF}.Release|Any CPU.Build.0 = Release|Any CPU
	EndGlobalSection
	GlobalSection(SolutionProperties) = preSolution
		HideSolutionNode = FALSE
	EndGlobalSection
	GlobalSection(ExtensibilityGlobals) = postSolution
		SolutionGuid = {AC8858BF-BFA7-4293-BD25-8C1A640FD45E}
	EndGlobalSection
EndGlobal
